
Microsoft Visual Studio Solution File, Format Version 12.00
# Visual Studio 15
VisualStudioVersion = 15.0.27428.2015
MinimumVisualStudioVersion = 10.0.40219.1
Project("{FAE04EC0-301F-11D3-BF4B-00C04F79EFBC}") = "Entidades", "Entidades\Entidades.csproj", "{265141E7-5A99-4F31-B72D-AB733A4B176E}"
EndProject
Project("{FAE04EC0-301F-11D3-BF4B-00C04F79EFBC}") = "MiCalculadora", "MiCalculadora\MiCalculadora.csproj", "{23D6B08F-6ECC-43E7-9733-0AEDA9264A31}"
EndProject
Global
	GlobalSection(SolutionConfigurationPlatforms) = preSolution
		Debug|Any CPU = Debug|Any CPU
		Release|Any CPU = Release|Any CPU
	EndGlobalSection
	GlobalSection(ProjectConfigurationPlatforms) = postSolution
		{265141E7-5A99-4F31-B72D-AB733A4B176E}.Debug|Any CPU.ActiveCfg = Debug|Any CPU
		{265141E7-5A99-4F31-B72D-AB733A4B176E}.Debug|Any CPU.Build.0 = Debug|Any CPU
		{265141E7-5A99-4F31-B72D-AB733A4B176E}.Release|Any CPU.ActiveCfg = Release|Any CPU
		{265141E7-5A99-4F31-B72D-AB733A4B176E}.Release|Any CPU.Build.0 = Release|Any CPU
		{23D6B08F-6ECC-43E7-9733-0AEDA9264A31}.Debug|Any CPU.ActiveCfg = Debug|Any CPU
		{23D6B08F-6ECC-43E7-9733-0AEDA9264A31}.Debug|Any CPU.Build.0 = Debug|Any CPU
		{23D6B08F-6ECC-43E7-9733-0AEDA9264A31}.Release|Any CPU.ActiveCfg = Release|Any CPU
		{23D6B08F-6ECC-43E7-9733-0AEDA9264A31}.Release|Any CPU.Build.0 = Release|Any CPU
	EndGlobalSection
	GlobalSection(SolutionProperties) = preSolution
		HideSolutionNode = FALSE
	EndGlobalSection
	GlobalSection(ExtensibilityGlobals) = postSolution
		SolutionGuid = {AFE7063E-81EA-456A-8231-283A5FE5F600}
	EndGlobalSection
EndGlobal
