
Microsoft Visual Studio Solution File, Format Version 12.00
# Visual Studio 15
VisualStudioVersion = 15.0.27428.2015
MinimumVisualStudioVersion = 10.0.40219.1
Project("{FAE04EC0-301F-11D3-BF4B-00C04F79EFBC}") = "MainCorreo", "MainCorreo\MainCorreo.csproj", "{077347C5-DDEA-47ED-8D72-2A5C6BEC1560}"
EndProject
Project("{FAE04EC0-301F-11D3-BF4B-00C04F79EFBC}") = "Entidades_", "Entidades_\Entidades_.csproj", "{93689DAA-B98F-4D0E-978B-3325D1C7260A}"
EndProject
Project("{FAE04EC0-301F-11D3-BF4B-00C04F79EFBC}") = "UnitTestProject1", "UnitTestProject1\UnitTestProject1.csproj", "{CC4DBF4A-E512-41FF-8933-2D84C5154A2D}"
EndProject
Global
	GlobalSection(SolutionConfigurationPlatforms) = preSolution
		Debug|Any CPU = Debug|Any CPU
		Debug|ARM = Debug|ARM
		Debug|x64 = Debug|x64
		Debug|x86 = Debug|x86
		Release|Any CPU = Release|Any CPU
		Release|ARM = Release|ARM
		Release|x64 = Release|x64
		Release|x86 = Release|x86
	EndGlobalSection
	GlobalSection(ProjectConfigurationPlatforms) = postSolution
		{077347C5-DDEA-47ED-8D72-2A5C6BEC1560}.Debug|Any CPU.ActiveCfg = Debug|Any CPU
		{077347C5-DDEA-47ED-8D72-2A5C6BEC1560}.Debug|Any CPU.Build.0 = Debug|Any CPU
		{077347C5-DDEA-47ED-8D72-2A5C6BEC1560}.Debug|ARM.ActiveCfg = Debug|Any CPU
		{077347C5-DDEA-47ED-8D72-2A5C6BEC1560}.Debug|ARM.Build.0 = Debug|Any CPU
		{077347C5-DDEA-47ED-8D72-2A5C6BEC1560}.Debug|x64.ActiveCfg = Debug|Any CPU
		{077347C5-DDEA-47ED-8D72-2A5C6BEC1560}.Debug|x64.Build.0 = Debug|Any CPU
		{077347C5-DDEA-47ED-8D72-2A5C6BEC1560}.Debug|x86.ActiveCfg = Debug|Any CPU
		{077347C5-DDEA-47ED-8D72-2A5C6BEC1560}.Debug|x86.Build.0 = Debug|Any CPU
		{077347C5-DDEA-47ED-8D72-2A5C6BEC1560}.Release|Any CPU.ActiveCfg = Release|Any CPU
		{077347C5-DDEA-47ED-8D72-2A5C6BEC1560}.Release|Any CPU.Build.0 = Release|Any CPU
		{077347C5-DDEA-47ED-8D72-2A5C6BEC1560}.Release|ARM.ActiveCfg = Release|Any CPU
		{077347C5-DDEA-47ED-8D72-2A5C6BEC1560}.Release|ARM.Build.0 = Release|Any CPU
		{077347C5-DDEA-47ED-8D72-2A5C6BEC1560}.Release|x64.ActiveCfg = Release|Any CPU
		{077347C5-DDEA-47ED-8D72-2A5C6BEC1560}.Release|x64.Build.0 = Release|Any CPU
		{077347C5-DDEA-47ED-8D72-2A5C6BEC1560}.Release|x86.ActiveCfg = Release|Any CPU
		{077347C5-DDEA-47ED-8D72-2A5C6BEC1560}.Release|x86.Build.0 = Release|Any CPU
		{93689DAA-B98F-4D0E-978B-3325D1C7260A}.Debug|Any CPU.ActiveCfg = Debug|Any CPU
		{93689DAA-B98F-4D0E-978B-3325D1C7260A}.Debug|Any CPU.Build.0 = Debug|Any CPU
		{93689DAA-B98F-4D0E-978B-3325D1C7260A}.Debug|ARM.ActiveCfg = Debug|Any CPU
		{93689DAA-B98F-4D0E-978B-3325D1C7260A}.Debug|ARM.Build.0 = Debug|Any CPU
		{93689DAA-B98F-4D0E-978B-3325D1C7260A}.Debug|x64.ActiveCfg = Debug|Any CPU
		{93689DAA-B98F-4D0E-978B-3325D1C7260A}.Debug|x64.Build.0 = Debug|Any CPU
		{93689DAA-B98F-4D0E-978B-3325D1C7260A}.Debug|x86.ActiveCfg = Debug|Any CPU
		{93689DAA-B98F-4D0E-978B-3325D1C7260A}.Debug|x86.Build.0 = Debug|Any CPU
		{93689DAA-B98F-4D0E-978B-3325D1C7260A}.Release|Any CPU.ActiveCfg = Release|Any CPU
		{93689DAA-B98F-4D0E-978B-3325D1C7260A}.Release|Any CPU.Build.0 = Release|Any CPU
		{93689DAA-B98F-4D0E-978B-3325D1C7260A}.Release|ARM.ActiveCfg = Release|Any CPU
		{93689DAA-B98F-4D0E-978B-3325D1C7260A}.Release|ARM.Build.0 = Release|Any CPU
		{93689DAA-B98F-4D0E-978B-3325D1C7260A}.Release|x64.ActiveCfg = Release|Any CPU
		{93689DAA-B98F-4D0E-978B-3325D1C7260A}.Release|x64.Build.0 = Release|Any CPU
		{93689DAA-B98F-4D0E-978B-3325D1C7260A}.Release|x86.ActiveCfg = Release|Any CPU
		{93689DAA-B98F-4D0E-978B-3325D1C7260A}.Release|x86.Build.0 = Release|Any CPU
		{CC4DBF4A-E512-41FF-8933-2D84C5154A2D}.Debug|Any CPU.ActiveCfg = Debug|Any CPU
		{CC4DBF4A-E512-41FF-8933-2D84C5154A2D}.Debug|Any CPU.Build.0 = Debug|Any CPU
		{CC4DBF4A-E512-41FF-8933-2D84C5154A2D}.Debug|ARM.ActiveCfg = Debug|Any CPU
		{CC4DBF4A-E512-41FF-8933-2D84C5154A2D}.Debug|ARM.Build.0 = Debug|Any CPU
		{CC4DBF4A-E512-41FF-8933-2D84C5154A2D}.Debug|x64.ActiveCfg = Debug|Any CPU
		{CC4DBF4A-E512-41FF-8933-2D84C5154A2D}.Debug|x64.Build.0 = Debug|Any CPU
		{CC4DBF4A-E512-41FF-8933-2D84C5154A2D}.Debug|x86.ActiveCfg = Debug|Any CPU
		{CC4DBF4A-E512-41FF-8933-2D84C5154A2D}.Debug|x86.Build.0 = Debug|Any CPU
		{CC4DBF4A-E512-41FF-8933-2D84C5154A2D}.Release|Any CPU.ActiveCfg = Release|Any CPU
		{CC4DBF4A-E512-41FF-8933-2D84C5154A2D}.Release|Any CPU.Build.0 = Release|Any CPU
		{CC4DBF4A-E512-41FF-8933-2D84C5154A2D}.Release|ARM.ActiveCfg = Release|Any CPU
		{CC4DBF4A-E512-41FF-8933-2D84C5154A2D}.Release|ARM.Build.0 = Release|Any CPU
		{CC4DBF4A-E512-41FF-8933-2D84C5154A2D}.Release|x64.ActiveCfg = Release|Any CPU
		{CC4DBF4A-E512-41FF-8933-2D84C5154A2D}.Release|x64.Build.0 = Release|Any CPU
		{CC4DBF4A-E512-41FF-8933-2D84C5154A2D}.Release|x86.ActiveCfg = Release|Any CPU
		{CC4DBF4A-E512-41FF-8933-2D84C5154A2D}.Release|x86.Build.0 = Release|Any CPU
	EndGlobalSection
	GlobalSection(SolutionProperties) = preSolution
		HideSolutionNode = FALSE
	EndGlobalSection
	GlobalSection(ExtensibilityGlobals) = postSolution
		SolutionGuid = {0580B2BD-28E6-4B5F-98CB-A69E7BC59BFF}
	EndGlobalSection
EndGlobal
