
Microsoft Visual Studio Solution File, Format Version 12.00
# Visual Studio 15
VisualStudioVersion = 15.0.27428.2015
MinimumVisualStudioVersion = 10.0.40219.1
Project("{FAE04EC0-301F-11D3-BF4B-00C04F79EFBC}") = "Entidades", "Entidades\Entidades.csproj", "{4494DEFD-439B-452E-AC5F-568BCB81740B}"
EndProject
Project("{FAE04EC0-301F-11D3-BF4B-00C04F79EFBC}") = "MiCalculadora", "MiCalculadora\MiCalculadora.csproj", "{8F6999B2-8E29-4BA3-8FA0-56823D2DE18A}"
EndProject
Global
	GlobalSection(SolutionConfigurationPlatforms) = preSolution
		Debug|Any CPU = Debug|Any CPU
		Release|Any CPU = Release|Any CPU
	EndGlobalSection
	GlobalSection(ProjectConfigurationPlatforms) = postSolution
		{4494DEFD-439B-452E-AC5F-568BCB81740B}.Debug|Any CPU.ActiveCfg = Debug|Any CPU
		{4494DEFD-439B-452E-AC5F-568BCB81740B}.Debug|Any CPU.Build.0 = Debug|Any CPU
		{4494DEFD-439B-452E-AC5F-568BCB81740B}.Release|Any CPU.ActiveCfg = Release|Any CPU
		{4494DEFD-439B-452E-AC5F-568BCB81740B}.Release|Any CPU.Build.0 = Release|Any CPU
		{8F6999B2-8E29-4BA3-8FA0-56823D2DE18A}.Debug|Any CPU.ActiveCfg = Debug|Any CPU
		{8F6999B2-8E29-4BA3-8FA0-56823D2DE18A}.Debug|Any CPU.Build.0 = Debug|Any CPU
		{8F6999B2-8E29-4BA3-8FA0-56823D2DE18A}.Release|Any CPU.ActiveCfg = Release|Any CPU
		{8F6999B2-8E29-4BA3-8FA0-56823D2DE18A}.Release|Any CPU.Build.0 = Release|Any CPU
	EndGlobalSection
	GlobalSection(SolutionProperties) = preSolution
		HideSolutionNode = FALSE
	EndGlobalSection
	GlobalSection(ExtensibilityGlobals) = postSolution
		SolutionGuid = {617A3083-610E-4BD7-B12C-3FC467873CA4}
	EndGlobalSection
EndGlobal
